
Microsoft Visual Studio Solution File, Format Version 12.00
# Visual Studio Version 17
VisualStudioVersion = 17.6.33801.468
MinimumVisualStudioVersion = 10.0.40219.1
Project("{FAE04EC0-301F-11D3-BF4B-00C04F79EFBC}") = "EyeRest", "EyeRest\EyeRest.csproj", "{F066AA37-A86A-4857-B578-0E57D1D0F0D4}"
EndProject
Global
	GlobalSection(SolutionConfigurationPlatforms) = preSolution
		Debug|Any CPU = Debug|Any CPU
		Release|Any CPU = Release|Any CPU
	EndGlobalSection
	GlobalSection(ProjectConfigurationPlatforms) = postSolution
		{F066AA37-A86A-4857-B578-0E57D1D0F0D4}.Debug|Any CPU.ActiveCfg = Debug|Any CPU
		{F066AA37-A86A-4857-B578-0E57D1D0F0D4}.Debug|Any CPU.Build.0 = Debug|Any CPU
		{F066AA37-A86A-4857-B578-0E57D1D0F0D4}.Release|Any CPU.ActiveCfg = Release|Any CPU
		{F066AA37-A86A-4857-B578-0E57D1D0F0D4}.Release|Any CPU.Build.0 = Release|Any CPU
	EndGlobalSection
	GlobalSection(SolutionProperties) = preSolution
		HideSolutionNode = FALSE
	EndGlobalSection
	GlobalSection(ExtensibilityGlobals) = postSolution
		SolutionGuid = {4F432FBA-50D7-4954-B3CC-0C6B811CB6A3}
	EndGlobalSection
EndGlobal
